// !$*UTF8*$!
{
	archiveVersion = 1;
	classes = {
	};
	objectVersion = 50;
	objects = {

/* Begin PBXBuildFile section */
		0943749E212C752300CF1C63 /* AppDelegate.swift in Sources */ = {isa = PBXBuildFile; fileRef = 0943749D212C752300CF1C63 /* AppDelegate.swift */; };
		094374A0212C752300CF1C63 /* PatientListViewController.swift in Sources */ = {isa = PBXBuildFile; fileRef = 0943749F212C752300CF1C63 /* PatientListViewController.swift */; };
		094374A3212C752300CF1C63 /* Main.storyboard in Resources */ = {isa = PBXBuildFile; fileRef = 094374A1212C752300CF1C63 /* Main.storyboard */; };
		094374A5212C752500CF1C63 /* Assets.xcassets in Resources */ = {isa = PBXBuildFile; fileRef = 094374A4212C752500CF1C63 /* Assets.xcassets */; };
		094374A8212C752500CF1C63 /* LaunchScreen.storyboard in Resources */ = {isa = PBXBuildFile; fileRef = 094374A6212C752500CF1C63 /* LaunchScreen.storyboard */; };
		09A65195212F27350034E409 /* DataModel.xcdatamodeld in Sources */ = {isa = PBXBuildFile; fileRef = 09A65193212F27350034E409 /* DataModel.xcdatamodeld */; };
/* End PBXBuildFile section */

/* Begin PBXFileReference section */
		0943749A212C752300CF1C63 /* DocApp.app */ = {isa = PBXFileReference; explicitFileType = wrapper.application; includeInIndex = 0; path = DocApp.app; sourceTree = BUILT_PRODUCTS_DIR; };
		0943749D212C752300CF1C63 /* AppDelegate.swift */ = {isa = PBXFileReference; lastKnownFileType = sourcecode.swift; path = AppDelegate.swift; sourceTree = "<group>"; };
		0943749F212C752300CF1C63 /* PatientListViewController.swift */ = {isa = PBXFileReference; lastKnownFileType = sourcecode.swift; path = PatientListViewController.swift; sourceTree = "<group>"; };
		094374A2212C752300CF1C63 /* Base */ = {isa = PBXFileReference; lastKnownFileType = file.storyboard; name = Base; path = Base.lproj/Main.storyboard; sourceTree = "<group>"; };
		094374A4212C752500CF1C63 /* Assets.xcassets */ = {isa = PBXFileReference; lastKnownFileType = folder.assetcatalog; path = Assets.xcassets; sourceTree = "<group>"; };
		094374A7212C752500CF1C63 /* Base */ = {isa = PBXFileReference; lastKnownFileType = file.storyboard; name = Base; path = Base.lproj/LaunchScreen.storyboard; sourceTree = "<group>"; };
		094374A9212C752500CF1C63 /* Info.plist */ = {isa = PBXFileReference; lastKnownFileType = text.plist.xml; path = Info.plist; sourceTree = "<group>"; };
		09A65194212F27350034E409 /* DataModel.xcdatamodel */ = {isa = PBXFileReference; lastKnownFileType = wrapper.xcdatamodel; path = DataModel.xcdatamodel; sourceTree = "<group>"; };
/* End PBXFileReference section */

/* Begin PBXFrameworksBuildPhase section */
		09437497212C752300CF1C63 /* Frameworks */ = {
			isa = PBXFrameworksBuildPhase;
			buildActionMask = 2147483647;
			files = (
			);
			runOnlyForDeploymentPostprocessing = 0;
		};
/* End PBXFrameworksBuildPhase section */

/* Begin PBXGroup section */
		091E967D212EC5AC0069AB3A /* Data Model */ = {
			isa = PBXGroup;
			children = (
				09A65193212F27350034E409 /* DataModel.xcdatamodeld */,
			);
			path = "Data Model";
			sourceTree = "<group>";
		};
		091E967E212EC5CB0069AB3A /* Controllers */ = {
			isa = PBXGroup;
			children = (
				0943749F212C752300CF1C63 /* PatientListViewController.swift */,
			);
			path = Controllers;
			sourceTree = "<group>";
		};
		091E967F212EC5D80069AB3A /* Views */ = {
			isa = PBXGroup;
			children = (
				094374A1212C752300CF1C63 /* Main.storyboard */,
			);
			path = Views;
			sourceTree = "<group>";
		};
		091E9680212EC6170069AB3A /* Supporting Files */ = {
			isa = PBXGroup;
			children = (
				094374A4212C752500CF1C63 /* Assets.xcassets */,
				094374A6212C752500CF1C63 /* LaunchScreen.storyboard */,
			);
			path = "Supporting Files";
			sourceTree = "<group>";
		};
		09437491212C752300CF1C63 = {
			isa = PBXGroup;
			children = (
				0943749C212C752300CF1C63 /* DocApp */,
				0943749B212C752300CF1C63 /* Products */,
			);
			sourceTree = "<group>";
		};
		0943749B212C752300CF1C63 /* Products */ = {
			isa = PBXGroup;
			children = (
				0943749A212C752300CF1C63 /* DocApp.app */,
			);
			name = Products;
			sourceTree = "<group>";
		};
		0943749C212C752300CF1C63 /* DocApp */ = {
			isa = PBXGroup;
			children = (
				0943749D212C752300CF1C63 /* AppDelegate.swift */,
				091E967E212EC5CB0069AB3A /* Controllers */,
				091E967D212EC5AC0069AB3A /* Data Model */,
				091E967F212EC5D80069AB3A /* Views */,
				091E9680212EC6170069AB3A /* Supporting Files */,
				094374A9212C752500CF1C63 /* Info.plist */,
			);
			path = DocApp;
			sourceTree = "<group>";
		};
/* End PBXGroup section */

/* Begin PBXNativeTarget section */
		09437499212C752300CF1C63 /* DocApp */ = {
			isa = PBXNativeTarget;
			buildConfigurationList = 094374AC212C752500CF1C63 /* Build configuration list for PBXNativeTarget "DocApp" */;
			buildPhases = (
				09437496212C752300CF1C63 /* Sources */,
				09437497212C752300CF1C63 /* Frameworks */,
				09437498212C752300CF1C63 /* Resources */,
			);
			buildRules = (
			);
			dependencies = (
			);
			name = DocApp;
			productName = DocApp;
			productReference = 0943749A212C752300CF1C63 /* DocApp.app */;
			productType = "com.apple.product-type.application";
		};
/* End PBXNativeTarget section */

/* Begin PBXProject section */
		09437492212C752300CF1C63 /* Project object */ = {
			isa = PBXProject;
			attributes = {
				LastSwiftUpdateCheck = 0940;
				LastUpgradeCheck = 0940;
				ORGANIZATIONNAME = "Federico Dazzan";
				TargetAttributes = {
					09437499212C752300CF1C63 = {
						CreatedOnToolsVersion = 9.4.1;
					};
				};
			};
			buildConfigurationList = 09437495212C752300CF1C63 /* Build configuration list for PBXProject "DocApp" */;
			compatibilityVersion = "Xcode 9.3";
			developmentRegion = en;
			hasScannedForEncodings = 0;
			knownRegions = (
				en,
				Base,
			);
			mainGroup = 09437491212C752300CF1C63;
			productRefGroup = 0943749B212C752300CF1C63 /* Products */;
			projectDirPath = "";
			projectRoot = "";
			targets = (
				09437499212C752300CF1C63 /* DocApp */,
			);
		};
/* End PBXProject section */

/* Begin PBXResourcesBuildPhase section */
		09437498212C752300CF1C63 /* Resources */ = {
			isa = PBXResourcesBuildPhase;
			buildActionMask = 2147483647;
			files = (
				094374A8212C752500CF1C63 /* LaunchScreen.storyboard in Resources */,
				094374A5212C752500CF1C63 /* Assets.xcassets in Resources */,
				094374A3212C752300CF1C63 /* Main.storyboard in Resources */,
			);
			runOnlyForDeploymentPostprocessing = 0;
		};
/* End PBXResourcesBuildPhase section */

/* Begin PBXSourcesBuildPhase section */
		09437496212C752300CF1C63 /* Sources */ = {
			isa = PBXSourcesBuildPhase;
			buildActionMask = 2147483647;
			files = (
				094374A0212C752300CF1C63 /* PatientListViewController.swift in Sources */,
				09A65195212F27350034E409 /* DataModel.xcdatamodeld in Sources */,
				0943749E212C752300CF1C63 /* AppDelegate.swift in Sources */,
			);
			runOnlyForDeploymentPostprocessing = 0;
		};
/* End PBXSourcesBuildPhase section */

/* Begin PBXVariantGroup section */
		094374A1212C752300CF1C63 /* Main.storyboard */ = {
			isa = PBXVariantGroup;
			children = (
				094374A2212C752300CF1C63 /* Base */,
			);
			name = Main.storyboard;
			sourceTree = "<group>";
		};
		094374A6212C752500CF1C63 /* LaunchScreen.storyboard */ = {
			isa = PBXVariantGroup;
			children = (
				094374A7212C752500CF1C63 /* Base */,
			);
			name = LaunchScreen.storyboard;
			sourceTree = "<group>";
		};
/* End PBXVariantGroup section */

/* Begin XCBuildConfiguration section */
		094374AA212C752500CF1C63 /* Debug */ = {
			isa = XCBuildConfiguration;
			buildSettings = {
				ALWAYS_SEARCH_USER_PATHS = NO;
				CLANG_ANALYZER_NONNULL = YES;
				CLANG_ANALYZER_NUMBER_OBJECT_CONVERSION = YES_AGGRESSIVE;
				CLANG_CXX_LANGUAGE_STANDARD = "gnu++14";
				CLANG_CXX_LIBRARY = "libc++";
				CLANG_ENABLE_MODULES = YES;
				CLANG_ENABLE_OBJC_ARC = YES;
				CLANG_ENABLE_OBJC_WEAK = YES;
				CLANG_WARN_BLOCK_CAPTURE_AUTORELEASING = YES;
				CLANG_WARN_BOOL_CONVERSION = YES;
				CLANG_WARN_COMMA = YES;
				CLANG_WARN_CONSTANT_CONVERSION = YES;
				CLANG_WARN_DEPRECATED_OBJC_IMPLEMENTATIONS = YES;
				CLANG_WARN_DIRECT_OBJC_ISA_USAGE = YES_ERROR;
				CLANG_WARN_DOCUMENTATION_COMMENTS = YES;
				CLANG_WARN_EMPTY_BODY = YES;
				CLANG_WARN_ENUM_CONVERSION = YES;
				CLANG_WARN_INFINITE_RECURSION = YES;
				CLANG_WARN_INT_CONVERSION = YES;
				CLANG_WARN_NON_LITERAL_NULL_CONVERSION = YES;
				CLANG_WARN_OBJC_IMPLICIT_RETAIN_SELF = YES;
				CLANG_WARN_OBJC_LITERAL_CONVERSION = YES;
				CLANG_WARN_OBJC_ROOT_CLASS = YES_ERROR;
				CLANG_WARN_RANGE_LOOP_ANALYSIS = YES;
				CLANG_WARN_STRICT_PROTOTYPES = YES;
				CLANG_WARN_SUSPICIOUS_MOVE = YES;
				CLANG_WARN_UNGUARDED_AVAILABILITY = YES_AGGRESSIVE;
				CLANG_WARN_UNREACHABLE_CODE = YES;
				CLANG_WARN__DUPLICATE_METHOD_MATCH = YES;
				CODE_SIGN_IDENTITY = "iPhone Developer";
				COPY_PHASE_STRIP = NO;
				DEBUG_INFORMATION_FORMAT = dwarf;
				ENABLE_STRICT_OBJC_MSGSEND = YES;
				ENABLE_TESTABILITY = YES;
				GCC_C_LANGUAGE_STANDARD = gnu11;
				GCC_DYNAMIC_NO_PIC = NO;
				GCC_NO_COMMON_BLOCKS = YES;
				GCC_OPTIMIZATION_LEVEL = 0;
				GCC_PREPROCESSOR_DEFINITIONS = (
					"DEBUG=1",
					"$(inherited)",
				);
				GCC_WARN_64_TO_32_BIT_CONVERSION = YES;
				GCC_WARN_ABOUT_RETURN_TYPE = YES_ERROR;
				GCC_WARN_UNDECLARED_SELECTOR = YES;
				GCC_WARN_UNINITIALIZED_AUTOS = YES_AGGRESSIVE;
				GCC_WARN_UNUSED_FUNCTION = YES;
				GCC_WARN_UNUSED_VARIABLE = YES;
				IPHONEOS_DEPLOYMENT_TARGET = 11.4;
				MTL_ENABLE_DEBUG_INFO = YES;
				ONLY_ACTIVE_ARCH = YES;
				SDKROOT = iphoneos;
				SWIFT_ACTIVE_COMPILATION_CONDITIONS = DEBUG;
				SWIFT_OPTIMIZATION_LEVEL = "-Onone";
			};
			name = Debug;
		};
		094374AB212C752500CF1C63 /* Release */ = {
			isa = XCBuildConfiguration;
			buildSettings = {
				ALWAYS_SEARCH_USER_PATHS = NO;
				CLANG_ANALYZER_NONNULL = YES;
				CLANG_ANALYZER_NUMBER_OBJECT_CONVERSION = YES_AGGRESSIVE;
				CLANG_CXX_LANGUAGE_STANDARD = "gnu++14";
				CLANG_CXX_LIBRARY = "libc++";
				CLANG_ENABLE_MODULES = YES;
				CLANG_ENABLE_OBJC_ARC = YES;
				CLANG_ENABLE_OBJC_WEAK = YES;
				CLANG_WARN_BLOCK_CAPTURE_AUTORELEASING = YES;
				CLANG_WARN_BOOL_CONVERSION = YES;
				CLANG_WARN_COMMA = YES;
				CLANG_WARN_CONSTANT_CONVERSION = YES;
				CLANG_WARN_DEPRECATED_OBJC_IMPLEMENTATIONS = YES;
				CLANG_WARN_DIRECT_OBJC_ISA_USAGE = YES_ERROR;
				CLANG_WARN_DOCUMENTATION_COMMENTS = YES;
				CLANG_WARN_EMPTY_BODY = YES;
				CLANG_WARN_ENUM_CONVERSION = YES;
				CLANG_WARN_INFINITE_RECURSION = YES;
				CLANG_WARN_INT_CONVERSION = YES;
				CLANG_WARN_NON_LITERAL_NULL_CONVERSION = YES;
				CLANG_WARN_OBJC_IMPLICIT_RETAIN_SELF = YES;
				CLANG_WARN_OBJC_LITERAL_CONVERSION = YES;
				CLANG_WARN_OBJC_ROOT_CLASS = YES_ERROR;
				CLANG_WARN_RANGE_LOOP_ANALYSIS = YES;
				CLANG_WARN_STRICT_PROTOTYPES = YES;
				CLANG_WARN_SUSPICIOUS_MOVE = YES;
				CLANG_WARN_UNGUARDED_AVAILABILITY = YES_AGGRESSIVE;
				CLANG_WARN_UNREACHABLE_CODE = YES;
				CLANG_WARN__DUPLICATE_METHOD_MATCH = YES;
				CODE_SIGN_IDENTITY = "iPhone Developer";
				COPY_PHASE_STRIP = NO;
				DEBUG_INFORMATION_FORMAT = "dwarf-with-dsym";
				ENABLE_NS_ASSERTIONS = NO;
				ENABLE_STRICT_OBJC_MSGSEND = YES;
				GCC_C_LANGUAGE_STANDARD = gnu11;
				GCC_NO_COMMON_BLOCKS = YES;
				GCC_WARN_64_TO_32_BIT_CONVERSION = YES;
				GCC_WARN_ABOUT_RETURN_TYPE = YES_ERROR;
				GCC_WARN_UNDECLARED_SELECTOR = YES;
				GCC_WARN_UNINITIALIZED_AUTOS = YES_AGGRESSIVE;
				GCC_WARN_UNUSED_FUNCTION = YES;
				GCC_WARN_UNUSED_VARIABLE = YES;
				IPHONEOS_DEPLOYMENT_TARGET = 11.4;
				MTL_ENABLE_DEBUG_INFO = NO;
				SDKROOT = iphoneos;
				SWIFT_COMPILATION_MODE = wholemodule;
				SWIFT_OPTIMIZATION_LEVEL = "-O";
				VALIDATE_PRODUCT = YES;
			};
			name = Release;
		};
		094374AD212C752500CF1C63 /* Debug */ = {
			isa = XCBuildConfiguration;
			buildSettings = {
				ASSETCATALOG_COMPILER_APPICON_NAME = AppIcon;
				CODE_SIGN_STYLE = Automatic;
				DEVELOPMENT_TEAM = EZ2EB99Y5D;
				INFOPLIST_FILE = DocApp/Info.plist;
				LD_RUNPATH_SEARCH_PATHS = (
					"$(inherited)",
					"@executable_path/Frameworks",
				);
				PRODUCT_BUNDLE_IDENTIFIER = com.fxdxrycz.DocApp;
				PRODUCT_NAME = "$(TARGET_NAME)";
				SWIFT_VERSION = 4.0;
				TARGETED_DEVICE_FAMILY = "1,2";
			};
			name = Debug;
		};
		094374AE212C752500CF1C63 /* Release */ = {
			isa = XCBuildConfiguration;
			buildSettings = {
				ASSETCATALOG_COMPILER_APPICON_NAME = AppIcon;
				CODE_SIGN_STYLE = Automatic;
				DEVELOPMENT_TEAM = EZ2EB99Y5D;
				INFOPLIST_FILE = DocApp/Info.plist;
				LD_RUNPATH_SEARCH_PATHS = (
					"$(inherited)",
					"@executable_path/Frameworks",
				);
				PRODUCT_BUNDLE_IDENTIFIER = com.fxdxrycz.DocApp;
				PRODUCT_NAME = "$(TARGET_NAME)";
				SWIFT_VERSION = 4.0;
				TARGETED_DEVICE_FAMILY = "1,2";
			};
			name = Release;
		};
/* End XCBuildConfiguration section */

/* Begin XCConfigurationList section */
		09437495212C752300CF1C63 /* Build configuration list for PBXProject "DocApp" */ = {
			isa = XCConfigurationList;
			buildConfigurations = (
				094374AA212C752500CF1C63 /* Debug */,
				094374AB212C752500CF1C63 /* Release */,
			);
			defaultConfigurationIsVisible = 0;
			defaultConfigurationName = Release;
		};
		094374AC212C752500CF1C63 /* Build configuration list for PBXNativeTarget "DocApp" */ = {
			isa = XCConfigurationList;
			buildConfigurations = (
				094374AD212C752500CF1C63 /* Debug */,
				094374AE212C752500CF1C63 /* Release */,
			);
			defaultConfigurationIsVisible = 0;
			defaultConfigurationName = Release;
		};
/* End XCConfigurationList section */

/* Begin XCVersionGroup section */
		09A65193212F27350034E409 /* DataModel.xcdatamodeld */ = {
			isa = XCVersionGroup;
			children = (
				09A65194212F27350034E409 /* DataModel.xcdatamodel */,
			);
			currentVersion = 09A65194212F27350034E409 /* DataModel.xcdatamodel */;
			path = DataModel.xcdatamodeld;
			sourceTree = "<group>";
			versionGroupType = wrapper.xcdatamodel;
		};
/* End XCVersionGroup section */
	};
	rootObject = 09437492212C752300CF1C63 /* Project object */;
}
